
Microsoft Visual Studio Solution File, Format Version 12.00
# Visual Studio 15
VisualStudioVersion = 15.0.28307.136
MinimumVisualStudioVersion = 10.0.40219.1
Project("{FAE04EC0-301F-11D3-BF4B-00C04F79EFBC}") = "ConsoleApp5", "ConsoleApp5\ConsoleApp5.csproj", "{55E742C2-2BE2-4B0D-A5DA-41032CD10788}"
EndProject
Global
	GlobalSection(SolutionConfigurationPlatforms) = preSolution
		Debug|Any CPU = Debug|Any CPU
		Release|Any CPU = Release|Any CPU
	EndGlobalSection
	GlobalSection(ProjectConfigurationPlatforms) = postSolution
		{55E742C2-2BE2-4B0D-A5DA-41032CD10788}.Debug|Any CPU.ActiveCfg = Debug|Any CPU
		{55E742C2-2BE2-4B0D-A5DA-41032CD10788}.Debug|Any CPU.Build.0 = Debug|Any CPU
		{55E742C2-2BE2-4B0D-A5DA-41032CD10788}.Release|Any CPU.ActiveCfg = Release|Any CPU
		{55E742C2-2BE2-4B0D-A5DA-41032CD10788}.Release|Any CPU.Build.0 = Release|Any CPU
	EndGlobalSection
	GlobalSection(SolutionProperties) = preSolution
		HideSolutionNode = FALSE
	EndGlobalSection
	GlobalSection(ExtensibilityGlobals) = postSolution
		SolutionGuid = {6061381A-CBD4-432E-8B63-28C18E919790}
	EndGlobalSection
EndGlobal
